PODS:
  - Flutter (1.0.0)
  - geocoding_ios (1.0.5):
    - Flutter
  - mapbox_maps_flutter (2.1.0):
    - Flutter
    - MapboxMaps (~> 11.5.1)
    - Turf (= 2.8.0)
  - MapboxCommon (24.5.1)
  - MapboxCoreMaps (11.5.3):
    - MapboxCommon (~> 24.5)
  - MapboxMaps (11.5.4):
    - MapboxCommon (= 24.5.1)
    - MapboxCoreMaps (= 11.5.3)
    - Turf (= 2.8.0)
  - permission_handler_apple (9.3.0):
    - Flutter
  - Turf (2.8.0)
  - vibration (1.7.5):
    - Flutter

DEPENDENCIES:
  - Flutter (from `Flutter`)
  - geocoding_ios (from `.symlinks/plugins/geocoding_ios/ios`)
  - mapbox_maps_flutter (from `.symlinks/plugins/mapbox_maps_flutter/ios`)
  - permission_handler_apple (from `.symlinks/plugins/permission_handler_apple/ios`)
  - vibration (from `.symlinks/plugins/vibration/ios`)

SPEC REPOS:
  trunk:
    - MapboxCommon
    - MapboxCoreMaps
    - MapboxMaps
    - Turf

EXTERNAL SOURCES:
  Flutter:
    :path: Flutter
  geocoding_ios:
    :path: ".symlinks/plugins/geocoding_ios/ios"
  mapbox_maps_flutter:
    :path: ".symlinks/plugins/mapbox_maps_flutter/ios"
  permission_handler_apple:
    :path: ".symlinks/plugins/permission_handler_apple/ios"
  vibration:
    :path: ".symlinks/plugins/vibration/ios"

SPEC CHECKSUMS:
  Flutter: e0871f40cf51350855a761d2e70bf5af5b9b5de7
  geocoding_ios: bcbdaa6bddd7d3129c9bcb8acddc5d8778689768
  mapbox_maps_flutter: 5619c04d7f0fe3fe2804955e8593985399f7cc25
  MapboxCommon: ed7c16dc611274a6cda5a3495b7300a2f65f8517
  MapboxCoreMaps: 127a3a6f68bc54d21008835b1bdf94be7a79792a
  MapboxMaps: f3a1d3c4ade7fd051bc13125ac01a4d364555ae3
  permission_handler_apple: 4ed2196e43d0651e8ff7ca3483a069d469701f2d
  Turf: aa2ede4298009639d10db36aba1a7ebaad072a5e
  vibration: 8e2f50fc35bb736f9eecb7dd9f7047fbb6a6e888

PODFILE CHECKSUM: 602ce5c4813083f6226ebfcb378ac5c4d2f83af9

COCOAPODS: 1.16.2
